// !$*UTF8*$!
{
	archiveVersion = 1;
	classes = {
	};
	objectVersion = 46;
	objects = {

/* Begin PBXBuildFile section */
		9210C06A1E45B3D500270002 /* WebViewController.swift in Sources */ = {isa = PBXBuildFile; fileRef = 9210C0691E45B3D500270002 /* WebViewController.swift */; };
		9210C06E1E45E30E00270002 /* NavigationController.swift in Sources */ = {isa = PBXBuildFile; fileRef = 9210C06D1E45E30E00270002 /* NavigationController.swift */; };
		9210C07E1E4609BA00270002 /* PersonalRating.swift in Sources */ = {isa = PBXBuildFile; fileRef = 9210C07D1E4609BA00270002 /* PersonalRating.swift */; };
		921EA6991E35F2FB0007C7FC /* AppDelegate.swift in Sources */ = {isa = PBXBuildFile; fileRef = 921EA6981E35F2FB0007C7FC /* AppDelegate.swift */; };
		921EA69E1E35F2FB0007C7FC /* Main.storyboard in Resources */ = {isa = PBXBuildFile; fileRef = 921EA69C1E35F2FB0007C7FC /* Main.storyboard */; };
		921EA6A31E35F2FB0007C7FC /* LaunchScreen.storyboard in Resources */ = {isa = PBXBuildFile; fileRef = 921EA6A11E35F2FB0007C7FC /* LaunchScreen.storyboard */; };
		923FFB491E5950720034686C /* Pods_WoWs_Info.framework in Frameworks */ = {isa = PBXBuildFile; fileRef = 923FFB481E5950720034686C /* Pods_WoWs_Info.framework */; };
		924BAAE21E4EAF720000B246 /* PlayerOnline.swift in Sources */ = {isa = PBXBuildFile; fileRef = 924BAAE11E4EAF720000B246 /* PlayerOnline.swift */; };
		924BD2651E457EB300E15D04 /* ServerController.swift in Sources */ = {isa = PBXBuildFile; fileRef = 924BD2641E457EB300E15D04 /* ServerController.swift */; };
		924BD2671E457F6B00E15D04 /* DataManagement.swift in Sources */ = {isa = PBXBuildFile; fileRef = 924BD2661E457F6B00E15D04 /* DataManagement.swift */; };
		925636591E53F1CA0002E08A /* Assets.xcassets in Resources */ = {isa = PBXBuildFile; fileRef = 925636581E53F1CA0002E08A /* Assets.xcassets */; };
		9259C1CC1E57BC4400F34CDC /* IAPController.swift in Sources */ = {isa = PBXBuildFile; fileRef = 9259C1CB1E57BC4400F34CDC /* IAPController.swift */; };
		9259C1CE1E57F88700F34CDC /* StoreKit.framework in Frameworks */ = {isa = PBXBuildFile; fileRef = 9259C1CD1E57F88700F34CDC /* StoreKit.framework */; };
		925BE5A81E502B9000DA6A1A /* SimpleStat.storyboard in Resources */ = {isa = PBXBuildFile; fileRef = 925BE5A61E502B9000DA6A1A /* SimpleStat.storyboard */; };
		925BE5AA1E502C1900DA6A1A /* InternalWeb.storyboard in Resources */ = {isa = PBXBuildFile; fileRef = 925BE5A91E502C1900DA6A1A /* InternalWeb.storyboard */; };
		925BE5AD1E502D0000DA6A1A /* Settings.storyboard in Resources */ = {isa = PBXBuildFile; fileRef = 925BE5AB1E502D0000DA6A1A /* Settings.storyboard */; };
		925BE5B01E50325200DA6A1A /* AdvancedStat.storyboard in Resources */ = {isa = PBXBuildFile; fileRef = 925BE5AF1E50325200DA6A1A /* AdvancedStat.storyboard */; };
		925BE5B21E5032AB00DA6A1A /* AdvancedInfoController.swift in Sources */ = {isa = PBXBuildFile; fileRef = 925BE5B11E5032AB00DA6A1A /* AdvancedInfoController.swift */; };
		92634D091E540C77000CDCB4 /* MoreInformation.storyboard in Resources */ = {isa = PBXBuildFile; fileRef = 92634D081E540C77000CDCB4 /* MoreInformation.storyboard */; };
		92634D0B1E540E2C000CDCB4 /* RankInformation.swift in Sources */ = {isa = PBXBuildFile; fileRef = 92634D0A1E540E2C000CDCB4 /* RankInformation.swift */; };
		92634D0D1E540E77000CDCB4 /* PlayerStat.swift in Sources */ = {isa = PBXBuildFile; fileRef = 92634D0C1E540E77000CDCB4 /* PlayerStat.swift */; };
		92634D0F1E540EBE000CDCB4 /* ServerUrl.swift in Sources */ = {isa = PBXBuildFile; fileRef = 92634D0E1E540EBE000CDCB4 /* ServerUrl.swift */; };
		92634D111E540F10000CDCB4 /* ShipInformation.swift in Sources */ = {isa = PBXBuildFile; fileRef = 92634D101E540F10000CDCB4 /* ShipInformation.swift */; };
		926528BE1E41BD5600D1A685 /* PlayerInfoController.swift in Sources */ = {isa = PBXBuildFile; fileRef = 926528B81E41BD5600D1A685 /* PlayerInfoController.swift */; };
		926528BF1E41BD5600D1A685 /* PlayerInformation.swift in Sources */ = {isa = PBXBuildFile; fileRef = 926528B91E41BD5600D1A685 /* PlayerInformation.swift */; };
		926528C01E41BD5600D1A685 /* SearchController.swift in Sources */ = {isa = PBXBuildFile; fileRef = 926528BA1E41BD5600D1A685 /* SearchController.swift */; };
		926528C11E41BD5600D1A685 /* SettingsController.swift in Sources */ = {isa = PBXBuildFile; fileRef = 926528BB1E41BD5600D1A685 /* SettingsController.swift */; };
		926528C31E41BD5600D1A685 /* WelcomeController.swift in Sources */ = {isa = PBXBuildFile; fileRef = 926528BD1E41BD5600D1A685 /* WelcomeController.swift */; };
		92813BB71E47447C009AA9E8 /* GoogleMobileAds.framework in Frameworks */ = {isa = PBXBuildFile; fileRef = 92813BB61E47447C009AA9E8 /* GoogleMobileAds.framework */; };
		928314B21E4A5B4E00ED4A1B /* GoogleService-Info.plist in Resources */ = {isa = PBXBuildFile; fileRef = 928314B11E4A5B4E00ED4A1B /* GoogleService-Info.plist */; };
		92D9B4D21E55AE3200CFD46D /* PlayerAccountID.swift in Sources */ = {isa = PBXBuildFile; fileRef = 92D9B4D11E55AE3200CFD46D /* PlayerAccountID.swift */; };
		92D9B4D41E55AF2400CFD46D /* RankController.swift in Sources */ = {isa = PBXBuildFile; fileRef = 92D9B4D31E55AF2400CFD46D /* RankController.swift */; };
		92D9B4D61E55C6D600CFD46D /* RankTableCell.swift in Sources */ = {isa = PBXBuildFile; fileRef = 92D9B4D51E55C6D600CFD46D /* RankTableCell.swift */; };
		92D9B4D91E565C6E00CFD46D /* ShipController.swift in Sources */ = {isa = PBXBuildFile; fileRef = 92D9B4D81E565C6E00CFD46D /* ShipController.swift */; };
		92D9B4DB1E565C8A00CFD46D /* ShipTableCell.swift in Sources */ = {isa = PBXBuildFile; fileRef = 92D9B4DA1E565C8A00CFD46D /* ShipTableCell.swift */; };
		92FF85901E592ED9001BBCA1 /* Charts.swift in Sources */ = {isa = PBXBuildFile; fileRef = 92FF858F1E592ED9001BBCA1 /* Charts.swift */; };
		92FF85921E594157001BBCA1 /* ExpectedValue.json in Resources */ = {isa = PBXBuildFile; fileRef = 92FF85911E594157001BBCA1 /* ExpectedValue.json */; };
/* End PBXBuildFile section */

/* Begin PBXFileReference section */
		06D13CAC2212DD18FD32AB49 /* Pods-WoWs Info.release.xcconfig */ = {isa = PBXFileReference; includeInIndex = 1; lastKnownFileType = text.xcconfig; name = "Pods-WoWs Info.release.xcconfig"; path = "Pods/Target Support Files/Pods-WoWs Info/Pods-WoWs Info.release.xcconfig"; sourceTree = "<group>"; };
		3B0C461C5DD33F3D39731E2D /* Pods-WoWs Info.debug.xcconfig */ = {isa = PBXFileReference; includeInIndex = 1; lastKnownFileType = text.xcconfig; name = "Pods-WoWs Info.debug.xcconfig"; path = "Pods/Target Support Files/Pods-WoWs Info/Pods-WoWs Info.debug.xcconfig"; sourceTree = "<group>"; };
		9210C0691E45B3D500270002 /* WebViewController.swift */ = {isa = PBXFileReference; fileEncoding = 4; lastKnownFileType = sourcecode.swift; path = WebViewController.swift; sourceTree = "<group>"; };
		9210C06D1E45E30E00270002 /* NavigationController.swift */ = {isa = PBXFileReference; fileEncoding = 4; lastKnownFileType = sourcecode.swift; path = NavigationController.swift; sourceTree = "<group>"; };
		9210C07D1E4609BA00270002 /* PersonalRating.swift */ = {isa = PBXFileReference; fileEncoding = 4; lastKnownFileType = sourcecode.swift; path = PersonalRating.swift; sourceTree = "<group>"; };
		921EA6951E35F2FB0007C7FC /* WoWs Info.app */ = {isa = PBXFileReference; explicitFileType = wrapper.application; includeInIndex = 0; path = "WoWs Info.app"; sourceTree = BUILT_PRODUCTS_DIR; };
		921EA6981E35F2FB0007C7FC /* AppDelegate.swift */ = {isa = PBXFileReference; lastKnownFileType = sourcecode.swift; path = AppDelegate.swift; sourceTree = "<group>"; };
		921EA69D1E35F2FB0007C7FC /* Base */ = {isa = PBXFileReference; lastKnownFileType = file.storyboard; name = Base; path = Base.lproj/Main.storyboard; sourceTree = "<group>"; };
		921EA6A21E35F2FB0007C7FC /* Base */ = {isa = PBXFileReference; lastKnownFileType = file.storyboard; name = Base; path = Base.lproj/LaunchScreen.storyboard; sourceTree = "<group>"; };
		921EA6A41E35F2FB0007C7FC /* Info.plist */ = {isa = PBXFileReference; lastKnownFileType = text.plist.xml; path = Info.plist; sourceTree = "<group>"; };
		923FFB3B1E5950130034686C /* SwiftyJSON.framework */ = {isa = PBXFileReference; lastKnownFileType = wrapper.framework; name = SwiftyJSON.framework; path = "Pods/../build/Debug-iphoneos/SwiftyJSON/SwiftyJSON.framework"; sourceTree = "<group>"; };
		923FFB3D1E5950340034686C /* SwiftyJSON.framework */ = {isa = PBXFileReference; lastKnownFileType = wrapper.framework; name = SwiftyJSON.framework; path = "../../../../Library/Developer/Xcode/DerivedData/WoWs_Info-ayxocjnyaqwqfkgmtdlonobyiclo/Build/Products/Debug-iphoneos/SwiftyJSON/SwiftyJSON.framework"; sourceTree = "<group>"; };
		923FFB481E5950720034686C /* Pods_WoWs_Info.framework */ = {isa = PBXFileReference; lastKnownFileType = wrapper.framework; name = Pods_WoWs_Info.framework; path = "Pods/../build/Debug-iphoneos/Pods_WoWs_Info.framework"; sourceTree = "<group>"; };
		924BAAE11E4EAF720000B246 /* PlayerOnline.swift */ = {isa = PBXFileReference; fileEncoding = 4; lastKnownFileType = sourcecode.swift; path = PlayerOnline.swift; sourceTree = "<group>"; };
		924BD2641E457EB300E15D04 /* ServerController.swift */ = {isa = PBXFileReference; fileEncoding = 4; lastKnownFileType = sourcecode.swift; path = ServerController.swift; sourceTree = "<group>"; };
		924BD2661E457F6B00E15D04 /* DataManagement.swift */ = {isa = PBXFileReference; fileEncoding = 4; lastKnownFileType = sourcecode.swift; path = DataManagement.swift; sourceTree = "<group>"; };
		925636581E53F1CA0002E08A /* Assets.xcassets */ = {isa = PBXFileReference; lastKnownFileType = folder.assetcatalog; path = Assets.xcassets; sourceTree = "<group>"; };
		9259C1CB1E57BC4400F34CDC /* IAPController.swift */ = {isa = PBXFileReference; fileEncoding = 4; lastKnownFileType = sourcecode.swift; path = IAPController.swift; sourceTree = "<group>"; };
		9259C1CD1E57F88700F34CDC /* StoreKit.framework */ = {isa = PBXFileReference; lastKnownFileType = wrapper.framework; name = StoreKit.framework; path = System/Library/Frameworks/StoreKit.framework; sourceTree = SDKROOT; };
		925BE5A71E502B9000DA6A1A /* Base */ = {isa = PBXFileReference; lastKnownFileType = file.storyboard; name = Base; path = Base.lproj/SimpleStat.storyboard; sourceTree = "<group>"; };
		925BE5A91E502C1900DA6A1A /* InternalWeb.storyboard */ = {isa = PBXFileReference; fileEncoding = 4; lastKnownFileType = file.storyboard; path = InternalWeb.storyboard; sourceTree = "<group>"; };
		925BE5AC1E502D0000DA6A1A /* Base */ = {isa = PBXFileReference; lastKnownFileType = file.storyboard; name = Base; path = Base.lproj/Settings.storyboard; sourceTree = "<group>"; };
		925BE5AF1E50325200DA6A1A /* AdvancedStat.storyboard */ = {isa = PBXFileReference; fileEncoding = 4; lastKnownFileType = file.storyboard; path = AdvancedStat.storyboard; sourceTree = "<group>"; };
		925BE5B11E5032AB00DA6A1A /* AdvancedInfoController.swift */ = {isa = PBXFileReference; fileEncoding = 4; lastKnownFileType = sourcecode.swift; path = AdvancedInfoController.swift; sourceTree = "<group>"; };
		92634D081E540C77000CDCB4 /* MoreInformation.storyboard */ = {isa = PBXFileReference; fileEncoding = 4; lastKnownFileType = file.storyboard; path = MoreInformation.storyboard; sourceTree = "<group>"; };
		92634D0A1E540E2C000CDCB4 /* RankInformation.swift */ = {isa = PBXFileReference; fileEncoding = 4; lastKnownFileType = sourcecode.swift; path = RankInformation.swift; sourceTree = "<group>"; };
		92634D0C1E540E77000CDCB4 /* PlayerStat.swift */ = {isa = PBXFileReference; fileEncoding = 4; lastKnownFileType = sourcecode.swift; path = PlayerStat.swift; sourceTree = "<group>"; };
		92634D0E1E540EBE000CDCB4 /* ServerUrl.swift */ = {isa = PBXFileReference; fileEncoding = 4; lastKnownFileType = sourcecode.swift; path = ServerUrl.swift; sourceTree = "<group>"; };
		92634D101E540F10000CDCB4 /* ShipInformation.swift */ = {isa = PBXFileReference; fileEncoding = 4; lastKnownFileType = sourcecode.swift; path = ShipInformation.swift; sourceTree = "<group>"; };
		926528B81E41BD5600D1A685 /* PlayerInfoController.swift */ = {isa = PBXFileReference; fileEncoding = 4; lastKnownFileType = sourcecode.swift; path = PlayerInfoController.swift; sourceTree = "<group>"; };
		926528B91E41BD5600D1A685 /* PlayerInformation.swift */ = {isa = PBXFileReference; fileEncoding = 4; lastKnownFileType = sourcecode.swift; path = PlayerInformation.swift; sourceTree = "<group>"; };
		926528BA1E41BD5600D1A685 /* SearchController.swift */ = {isa = PBXFileReference; fileEncoding = 4; lastKnownFileType = sourcecode.swift; path = SearchController.swift; sourceTree = "<group>"; };
		926528BB1E41BD5600D1A685 /* SettingsController.swift */ = {isa = PBXFileReference; fileEncoding = 4; lastKnownFileType = sourcecode.swift; path = SettingsController.swift; sourceTree = "<group>"; };
		926528BD1E41BD5600D1A685 /* WelcomeController.swift */ = {isa = PBXFileReference; fileEncoding = 4; lastKnownFileType = sourcecode.swift; path = WelcomeController.swift; sourceTree = "<group>"; };
		92813BB61E47447C009AA9E8 /* GoogleMobileAds.framework */ = {isa = PBXFileReference; lastKnownFileType = wrapper.framework; path = GoogleMobileAds.framework; sourceTree = "<group>"; };
		928314B11E4A5B4E00ED4A1B /* GoogleService-Info.plist */ = {isa = PBXFileReference; fileEncoding = 4; lastKnownFileType = text.plist.xml; path = "GoogleService-Info.plist"; sourceTree = "<group>"; };
		92D9B4D11E55AE3200CFD46D /* PlayerAccountID.swift */ = {isa = PBXFileReference; fileEncoding = 4; lastKnownFileType = sourcecode.swift; path = PlayerAccountID.swift; sourceTree = "<group>"; };
		92D9B4D31E55AF2400CFD46D /* RankController.swift */ = {isa = PBXFileReference; fileEncoding = 4; lastKnownFileType = sourcecode.swift; path = RankController.swift; sourceTree = "<group>"; };
		92D9B4D51E55C6D600CFD46D /* RankTableCell.swift */ = {isa = PBXFileReference; fileEncoding = 4; lastKnownFileType = sourcecode.swift; path = RankTableCell.swift; sourceTree = "<group>"; };
		92D9B4D81E565C6E00CFD46D /* ShipController.swift */ = {isa = PBXFileReference; fileEncoding = 4; lastKnownFileType = sourcecode.swift; path = ShipController.swift; sourceTree = "<group>"; };
		92D9B4DA1E565C8A00CFD46D /* ShipTableCell.swift */ = {isa = PBXFileReference; fileEncoding = 4; lastKnownFileType = sourcecode.swift; path = ShipTableCell.swift; sourceTree = "<group>"; };
		92FF858F1E592ED9001BBCA1 /* Charts.swift */ = {isa = PBXFileReference; fileEncoding = 4; lastKnownFileType = sourcecode.swift; path = Charts.swift; sourceTree = "<group>"; };
		92FF85911E594157001BBCA1 /* ExpectedValue.json */ = {isa = PBXFileReference; fileEncoding = 4; lastKnownFileType = text.json; path = ExpectedValue.json; sourceTree = "<group>"; };
		92FF85931E594C1A001BBCA1 /* SwiftyJSON.framework */ = {isa = PBXFileReference; lastKnownFileType = wrapper.framework; name = SwiftyJSON.framework; path = "Pods/../build/Debug-iphoneos/SwiftyJSON/SwiftyJSON.framework"; sourceTree = "<group>"; };
/* End PBXFileReference section */

/* Begin PBXFrameworksBuildPhase section */
		921EA6921E35F2FB0007C7FC /* Frameworks */ = {
			isa = PBXFrameworksBuildPhase;
			buildActionMask = 2147483647;
			files = (
				923FFB491E5950720034686C /* Pods_WoWs_Info.framework in Frameworks */,
				92813BB71E47447C009AA9E8 /* GoogleMobileAds.framework in Frameworks */,
				9259C1CE1E57F88700F34CDC /* StoreKit.framework in Frameworks */,
			);
			runOnlyForDeploymentPostprocessing = 0;
		};
/* End PBXFrameworksBuildPhase section */

/* Begin PBXGroup section */
		2359F6695FFC24A39880BFF8 /* Frameworks */ = {
			isa = PBXGroup;
			children = (
				923FFB481E5950720034686C /* Pods_WoWs_Info.framework */,
				923FFB3D1E5950340034686C /* SwiftyJSON.framework */,
				923FFB3B1E5950130034686C /* SwiftyJSON.framework */,
				92FF85931E594C1A001BBCA1 /* SwiftyJSON.framework */,
				9259C1CD1E57F88700F34CDC /* StoreKit.framework */,
			);
			name = Frameworks;
			sourceTree = "<group>";
		};
		9210C0801E4609EF00270002 /* ViewControllers */ = {
			isa = PBXGroup;
			children = (
				9210C06D1E45E30E00270002 /* NavigationController.swift */,
				92D9B4D81E565C6E00CFD46D /* ShipController.swift */,
				9259C1CB1E57BC4400F34CDC /* IAPController.swift */,
				926528B81E41BD5600D1A685 /* PlayerInfoController.swift */,
				92D9B4D31E55AF2400CFD46D /* RankController.swift */,
				925BE5B11E5032AB00DA6A1A /* AdvancedInfoController.swift */,
				926528BA1E41BD5600D1A685 /* SearchController.swift */,
				9210C0691E45B3D500270002 /* WebViewController.swift */,
				926528BB1E41BD5600D1A685 /* SettingsController.swift */,
				926528BD1E41BD5600D1A685 /* WelcomeController.swift */,
				924BD2641E457EB300E15D04 /* ServerController.swift */,
			);
			name = ViewControllers;
			sourceTree = "<group>";
		};
		9210C0811E460A0900270002 /* Functions */ = {
			isa = PBXGroup;
			children = (
				926528B91E41BD5600D1A685 /* PlayerInformation.swift */,
				92634D0E1E540EBE000CDCB4 /* ServerUrl.swift */,
				92634D0C1E540E77000CDCB4 /* PlayerStat.swift */,
				924BD2661E457F6B00E15D04 /* DataManagement.swift */,
				92FF858F1E592ED9001BBCA1 /* Charts.swift */,
				924BAAE11E4EAF720000B246 /* PlayerOnline.swift */,
				9210C07D1E4609BA00270002 /* PersonalRating.swift */,
				92634D0A1E540E2C000CDCB4 /* RankInformation.swift */,
				92634D101E540F10000CDCB4 /* ShipInformation.swift */,
				92D9B4D11E55AE3200CFD46D /* PlayerAccountID.swift */,
			);
			name = Functions;
			sourceTree = "<group>";
		};
		921EA68C1E35F2FB0007C7FC = {
			isa = PBXGroup;
			children = (
				921EA6971E35F2FB0007C7FC /* WoWs Info */,
				921EA6961E35F2FB0007C7FC /* Products */,
				AE0579B474F19BE0B7C58BB6 /* Pods */,
				2359F6695FFC24A39880BFF8 /* Frameworks */,
			);
			sourceTree = "<group>";
		};
		921EA6961E35F2FB0007C7FC /* Products */ = {
			isa = PBXGroup;
			children = (
				921EA6951E35F2FB0007C7FC /* WoWs Info.app */,
			);
			name = Products;
			sourceTree = "<group>";
		};
		921EA6971E35F2FB0007C7FC /* WoWs Info */ = {
			isa = PBXGroup;
			children = (
				925636581E53F1CA0002E08A /* Assets.xcassets */,
				92FF85911E594157001BBCA1 /* ExpectedValue.json */,
				9210C0811E460A0900270002 /* Functions */,
				925BE5AE1E502E2700DA6A1A /* Storyboard */,
				92D9B4D71E55C87700CFD46D /* TableViewCell */,
				9210C0801E4609EF00270002 /* ViewControllers */,
				921EA6981E35F2FB0007C7FC /* AppDelegate.swift */,
				921EA6A41E35F2FB0007C7FC /* Info.plist */,
				928314B11E4A5B4E00ED4A1B /* GoogleService-Info.plist */,
				92813BB61E47447C009AA9E8 /* GoogleMobileAds.framework */,
			);
			path = "WoWs Info";
			sourceTree = "<group>";
		};
		925BE5AE1E502E2700DA6A1A /* Storyboard */ = {
			isa = PBXGroup;
			children = (
				921EA69C1E35F2FB0007C7FC /* Main.storyboard */,
				925BE5AB1E502D0000DA6A1A /* Settings.storyboard */,
				925BE5A91E502C1900DA6A1A /* InternalWeb.storyboard */,
				925BE5A61E502B9000DA6A1A /* SimpleStat.storyboard */,
				921EA6A11E35F2FB0007C7FC /* LaunchScreen.storyboard */,
				925BE5AF1E50325200DA6A1A /* AdvancedStat.storyboard */,
				92634D081E540C77000CDCB4 /* MoreInformation.storyboard */,
			);
			name = Storyboard;
			sourceTree = "<group>";
		};
		92D9B4D71E55C87700CFD46D /* TableViewCell */ = {
			isa = PBXGroup;
			children = (
				92D9B4D51E55C6D600CFD46D /* RankTableCell.swift */,
				92D9B4DA1E565C8A00CFD46D /* ShipTableCell.swift */,
			);
			name = TableViewCell;
			sourceTree = "<group>";
		};
		AE0579B474F19BE0B7C58BB6 /* Pods */ = {
			isa = PBXGroup;
			children = (
				3B0C461C5DD33F3D39731E2D /* Pods-WoWs Info.debug.xcconfig */,
				06D13CAC2212DD18FD32AB49 /* Pods-WoWs Info.release.xcconfig */,
			);
			name = Pods;
			sourceTree = "<group>";
		};
/* End PBXGroup section */

/* Begin PBXNativeTarget section */
		921EA6941E35F2FB0007C7FC /* WoWs Info */ = {
			isa = PBXNativeTarget;
			buildConfigurationList = 921EA6A71E35F2FB0007C7FC /* Build configuration list for PBXNativeTarget "WoWs Info" */;
			buildPhases = (
				F1D531A1BFD2278B182F8B51 /* [CP] Check Pods Manifest.lock */,
				921EA6911E35F2FB0007C7FC /* Sources */,
				921EA6921E35F2FB0007C7FC /* Frameworks */,
				921EA6931E35F2FB0007C7FC /* Resources */,
				1D43CF5038BCFF09E6560688 /* [CP] Embed Pods Frameworks */,
				55D9E7F8FF28629333027711 /* [CP] Copy Pods Resources */,
			);
			buildRules = (
			);
			dependencies = (
			);
			name = "WoWs Info";
			productName = "WoWs Info";
			productReference = 921EA6951E35F2FB0007C7FC /* WoWs Info.app */;
			productType = "com.apple.product-type.application";
		};
/* End PBXNativeTarget section */

/* Begin PBXProject section */
		921EA68D1E35F2FB0007C7FC /* Project object */ = {
			isa = PBXProject;
			attributes = {
				LastSwiftUpdateCheck = 0820;
				LastUpgradeCheck = 0820;
				ORGANIZATIONNAME = "Henry Quan";
				TargetAttributes = {
					921EA6941E35F2FB0007C7FC = {
						CreatedOnToolsVersion = 8.2.1;
						DevelopmentTeam = 4YSG3SYMLE;
						ProvisioningStyle = Automatic;
						SystemCapabilities = {
							com.apple.InAppPurchase = {
								enabled = 1;
							};
							com.apple.Push = {
								enabled = 0;
							};
						};
					};
				};
			};
			buildConfigurationList = 921EA6901E35F2FB0007C7FC /* Build configuration list for PBXProject "WoWs Info" */;
			compatibilityVersion = "Xcode 3.2";
			developmentRegion = English;
			hasScannedForEncodings = 0;
			knownRegions = (
				en,
				Base,
			);
			mainGroup = 921EA68C1E35F2FB0007C7FC;
			productRefGroup = 921EA6961E35F2FB0007C7FC /* Products */;
			projectDirPath = "";
			projectRoot = "";
			targets = (
				921EA6941E35F2FB0007C7FC /* WoWs Info */,
			);
		};
/* End PBXProject section */

/* Begin PBXResourcesBuildPhase section */
		921EA6931E35F2FB0007C7FC /* Resources */ = {
			isa = PBXResourcesBuildPhase;
			buildActionMask = 2147483647;
			files = (
				925BE5B01E50325200DA6A1A /* AdvancedStat.storyboard in Resources */,
				925BE5A81E502B9000DA6A1A /* SimpleStat.storyboard in Resources */,
				92634D091E540C77000CDCB4 /* MoreInformation.storyboard in Resources */,
				921EA6A31E35F2FB0007C7FC /* LaunchScreen.storyboard in Resources */,
				921EA69E1E35F2FB0007C7FC /* Main.storyboard in Resources */,
				92FF85921E594157001BBCA1 /* ExpectedValue.json in Resources */,
				925BE5AA1E502C1900DA6A1A /* InternalWeb.storyboard in Resources */,
				928314B21E4A5B4E00ED4A1B /* GoogleService-Info.plist in Resources */,
				925636591E53F1CA0002E08A /* Assets.xcassets in Resources */,
				925BE5AD1E502D0000DA6A1A /* Settings.storyboard in Resources */,
			);
			runOnlyForDeploymentPostprocessing = 0;
		};
/* End PBXResourcesBuildPhase section */

/* Begin PBXShellScriptBuildPhase section */
		1D43CF5038BCFF09E6560688 /* [CP] Embed Pods Frameworks */ = {
			isa = PBXShellScriptBuildPhase;
			buildActionMask = 2147483647;
			files = (
			);
			inputPaths = (
			);
			name = "[CP] Embed Pods Frameworks";
			outputPaths = (
			);
			runOnlyForDeploymentPostprocessing = 0;
			shellPath = /bin/sh;
			shellScript = "\"${SRCROOT}/Pods/Target Support Files/Pods-WoWs Info/Pods-WoWs Info-frameworks.sh\"\n";
			showEnvVarsInLog = 0;
		};
		55D9E7F8FF28629333027711 /* [CP] Copy Pods Resources */ = {
			isa = PBXShellScriptBuildPhase;
			buildActionMask = 2147483647;
			files = (
			);
			inputPaths = (
			);
			name = "[CP] Copy Pods Resources";
			outputPaths = (
			);
			runOnlyForDeploymentPostprocessing = 0;
			shellPath = /bin/sh;
			shellScript = "\"${SRCROOT}/Pods/Target Support Files/Pods-WoWs Info/Pods-WoWs Info-resources.sh\"\n";
			showEnvVarsInLog = 0;
		};
		F1D531A1BFD2278B182F8B51 /* [CP] Check Pods Manifest.lock */ = {
			isa = PBXShellScriptBuildPhase;
			buildActionMask = 2147483647;
			files = (
			);
			inputPaths = (
			);
			name = "[CP] Check Pods Manifest.lock";
			outputPaths = (
			);
			runOnlyForDeploymentPostprocessing = 0;
			shellPath = /bin/sh;
			shellScript = "diff \"${PODS_ROOT}/../Podfile.lock\" \"${PODS_ROOT}/Manifest.lock\" > /dev/null\nif [ $? != 0 ] ; then\n    # print error to STDERR\n    echo \"error: The sandbox is not in sync with the Podfile.lock. Run 'pod install' or update your CocoaPods installation.\" >&2\n    exit 1\nfi\n";
			showEnvVarsInLog = 0;
		};
/* End PBXShellScriptBuildPhase section */

/* Begin PBXSourcesBuildPhase section */
		921EA6911E35F2FB0007C7FC /* Sources */ = {
			isa = PBXSourcesBuildPhase;
			buildActionMask = 2147483647;
			files = (
				9210C06E1E45E30E00270002 /* NavigationController.swift in Sources */,
				926528BE1E41BD5600D1A685 /* PlayerInfoController.swift in Sources */,
				92634D0B1E540E2C000CDCB4 /* RankInformation.swift in Sources */,
				926528C31E41BD5600D1A685 /* WelcomeController.swift in Sources */,
				92634D0F1E540EBE000CDCB4 /* ServerUrl.swift in Sources */,
				924BAAE21E4EAF720000B246 /* PlayerOnline.swift in Sources */,
				924BD2671E457F6B00E15D04 /* DataManagement.swift in Sources */,
				9210C06A1E45B3D500270002 /* WebViewController.swift in Sources */,
				9210C07E1E4609BA00270002 /* PersonalRating.swift in Sources */,
				92D9B4D91E565C6E00CFD46D /* ShipController.swift in Sources */,
				92634D0D1E540E77000CDCB4 /* PlayerStat.swift in Sources */,
				926528C11E41BD5600D1A685 /* SettingsController.swift in Sources */,
				92FF85901E592ED9001BBCA1 /* Charts.swift in Sources */,
				924BD2651E457EB300E15D04 /* ServerController.swift in Sources */,
				921EA6991E35F2FB0007C7FC /* AppDelegate.swift in Sources */,
				92D9B4D41E55AF2400CFD46D /* RankController.swift in Sources */,
				925BE5B21E5032AB00DA6A1A /* AdvancedInfoController.swift in Sources */,
				92634D111E540F10000CDCB4 /* ShipInformation.swift in Sources */,
				926528BF1E41BD5600D1A685 /* PlayerInformation.swift in Sources */,
				9259C1CC1E57BC4400F34CDC /* IAPController.swift in Sources */,
				92D9B4DB1E565C8A00CFD46D /* ShipTableCell.swift in Sources */,
				926528C01E41BD5600D1A685 /* SearchController.swift in Sources */,
				92D9B4D61E55C6D600CFD46D /* RankTableCell.swift in Sources */,
				92D9B4D21E55AE3200CFD46D /* PlayerAccountID.swift in Sources */,
			);
			runOnlyForDeploymentPostprocessing = 0;
		};
/* End PBXSourcesBuildPhase section */

/* Begin PBXVariantGroup section */
		921EA69C1E35F2FB0007C7FC /* Main.storyboard */ = {
			isa = PBXVariantGroup;
			children = (
				921EA69D1E35F2FB0007C7FC /* Base */,
			);
			name = Main.storyboard;
			sourceTree = "<group>";
		};
		921EA6A11E35F2FB0007C7FC /* LaunchScreen.storyboard */ = {
			isa = PBXVariantGroup;
			children = (
				921EA6A21E35F2FB0007C7FC /* Base */,
			);
			name = LaunchScreen.storyboard;
			sourceTree = "<group>";
		};
		925BE5A61E502B9000DA6A1A /* SimpleStat.storyboard */ = {
			isa = PBXVariantGroup;
			children = (
				925BE5A71E502B9000DA6A1A /* Base */,
			);
			name = SimpleStat.storyboard;
			sourceTree = "<group>";
		};
		925BE5AB1E502D0000DA6A1A /* Settings.storyboard */ = {
			isa = PBXVariantGroup;
			children = (
				925BE5AC1E502D0000DA6A1A /* Base */,
			);
			name = Settings.storyboard;
			sourceTree = "<group>";
		};
/* End PBXVariantGroup section */

/* Begin XCBuildConfiguration section */
		921EA6A51E35F2FB0007C7FC /* Debug */ = {
			isa = XCBuildConfiguration;
			buildSettings = {
				ALWAYS_SEARCH_USER_PATHS = NO;
				CLANG_ANALYZER_NONNULL = YES;
				CLANG_CXX_LANGUAGE_STANDARD = "gnu++0x";
				CLANG_CXX_LIBRARY = "libc++";
				CLANG_ENABLE_MODULES = YES;
				CLANG_ENABLE_OBJC_ARC = YES;
				CLANG_WARN_BOOL_CONVERSION = YES;
				CLANG_WARN_CONSTANT_CONVERSION = YES;
				CLANG_WARN_DIRECT_OBJC_ISA_USAGE = YES_ERROR;
				CLANG_WARN_DOCUMENTATION_COMMENTS = YES;
				CLANG_WARN_EMPTY_BODY = YES;
				CLANG_WARN_ENUM_CONVERSION = YES;
				CLANG_WARN_INFINITE_RECURSION = YES;
				CLANG_WARN_INT_CONVERSION = YES;
				CLANG_WARN_OBJC_ROOT_CLASS = YES_ERROR;
				CLANG_WARN_SUSPICIOUS_MOVE = YES;
				CLANG_WARN_UNREACHABLE_CODE = YES;
				CLANG_WARN__DUPLICATE_METHOD_MATCH = YES;
				"CODE_SIGN_IDENTITY[sdk=iphoneos*]" = "iPhone Developer";
				COPY_PHASE_STRIP = NO;
				DEBUG_INFORMATION_FORMAT = dwarf;
				ENABLE_STRICT_OBJC_MSGSEND = YES;
				ENABLE_TESTABILITY = YES;
				GCC_C_LANGUAGE_STANDARD = gnu99;
				GCC_DYNAMIC_NO_PIC = NO;
				GCC_NO_COMMON_BLOCKS = YES;
				GCC_OPTIMIZATION_LEVEL = 0;
				GCC_PREPROCESSOR_DEFINITIONS = (
					"DEBUG=1",
					"$(inherited)",
				);
				GCC_WARN_64_TO_32_BIT_CONVERSION = YES;
				GCC_WARN_ABOUT_RETURN_TYPE = YES_ERROR;
				GCC_WARN_UNDECLARED_SELECTOR = YES;
				GCC_WARN_UNINITIALIZED_AUTOS = YES_AGGRESSIVE;
				GCC_WARN_UNUSED_FUNCTION = YES;
				GCC_WARN_UNUSED_VARIABLE = YES;
				IPHONEOS_DEPLOYMENT_TARGET = 10.2;
				MTL_ENABLE_DEBUG_INFO = YES;
				ONLY_ACTIVE_ARCH = YES;
				SDKROOT = iphoneos;
				SWIFT_ACTIVE_COMPILATION_CONDITIONS = DEBUG;
				SWIFT_OPTIMIZATION_LEVEL = "-Onone";
			};
			name = Debug;
		};
		921EA6A61E35F2FB0007C7FC /* Release */ = {
			isa = XCBuildConfiguration;
			buildSettings = {
				ALWAYS_SEARCH_USER_PATHS = NO;
				CLANG_ANALYZER_NONNULL = YES;
				CLANG_CXX_LANGUAGE_STANDARD = "gnu++0x";
				CLANG_CXX_LIBRARY = "libc++";
				CLANG_ENABLE_MODULES = YES;
				CLANG_ENABLE_OBJC_ARC = YES;
				CLANG_WARN_BOOL_CONVERSION = YES;
				CLANG_WARN_CONSTANT_CONVERSION = YES;
				CLANG_WARN_DIRECT_OBJC_ISA_USAGE = YES_ERROR;
				CLANG_WARN_DOCUMENTATION_COMMENTS = YES;
				CLANG_WARN_EMPTY_BODY = YES;
				CLANG_WARN_ENUM_CONVERSION = YES;
				CLANG_WARN_INFINITE_RECURSION = YES;
				CLANG_WARN_INT_CONVERSION = YES;
				CLANG_WARN_OBJC_ROOT_CLASS = YES_ERROR;
				CLANG_WARN_SUSPICIOUS_MOVE = YES;
				CLANG_WARN_UNREACHABLE_CODE = YES;
				CLANG_WARN__DUPLICATE_METHOD_MATCH = YES;
				"CODE_SIGN_IDENTITY[sdk=iphoneos*]" = "iPhone Developer";
				COPY_PHASE_STRIP = NO;
				DEBUG_INFORMATION_FORMAT = "dwarf-with-dsym";
				ENABLE_NS_ASSERTIONS = NO;
				ENABLE_STRICT_OBJC_MSGSEND = YES;
				GCC_C_LANGUAGE_STANDARD = gnu99;
				GCC_NO_COMMON_BLOCKS = YES;
				GCC_WARN_64_TO_32_BIT_CONVERSION = YES;
				GCC_WARN_ABOUT_RETURN_TYPE = YES_ERROR;
				GCC_WARN_UNDECLARED_SELECTOR = YES;
				GCC_WARN_UNINITIALIZED_AUTOS = YES_AGGRESSIVE;
				GCC_WARN_UNUSED_FUNCTION = YES;
				GCC_WARN_UNUSED_VARIABLE = YES;
				IPHONEOS_DEPLOYMENT_TARGET = 10.2;
				MTL_ENABLE_DEBUG_INFO = NO;
				SDKROOT = iphoneos;
				SWIFT_OPTIMIZATION_LEVEL = "-Owholemodule";
				VALIDATE_PRODUCT = YES;
			};
			name = Release;
		};
		921EA6A81E35F2FB0007C7FC /* Debug */ = {
			isa = XCBuildConfiguration;
			baseConfigurationReference = 3B0C461C5DD33F3D39731E2D /* Pods-WoWs Info.debug.xcconfig */;
			buildSettings = {
				ASSETCATALOG_COMPILER_APPICON_NAME = AppIcon;
				DEVELOPMENT_TEAM = 4YSG3SYMLE;
				ENABLE_BITCODE = NO;
				FRAMEWORK_SEARCH_PATHS = (
					"$(inherited)",
					"$(PROJECT_DIR)",
					"$(PROJECT_DIR)/build/Debug-iphoneos/SwiftyJSON",
					"$(PROJECT_DIR)/build/Debug-iphoneos",
				);
				INFOPLIST_FILE = "WoWs Info/Info.plist";
				IPHONEOS_DEPLOYMENT_TARGET = 9.0;
				LD_RUNPATH_SEARCH_PATHS = "$(inherited) @executable_path/Frameworks";
				PRODUCT_BUNDLE_IDENTIFIER = "com.yihengquan.WoWs-Info";
				PRODUCT_NAME = "$(TARGET_NAME)";
				SWIFT_VERSION = 3.0;
				TARGETED_DEVICE_FAMILY = 1;
			};
			name = Debug;
		};
		921EA6A91E35F2FB0007C7FC /* Release */ = {
			isa = XCBuildConfiguration;
			baseConfigurationReference = 06D13CAC2212DD18FD32AB49 /* Pods-WoWs Info.release.xcconfig */;
			buildSettings = {
				ASSETCATALOG_COMPILER_APPICON_NAME = AppIcon;
				DEVELOPMENT_TEAM = 4YSG3SYMLE;
				ENABLE_BITCODE = NO;
				FRAMEWORK_SEARCH_PATHS = (
					"$(inherited)",
					"$(PROJECT_DIR)",
					"$(PROJECT_DIR)/build/Debug-iphoneos/SwiftyJSON",
					"$(PROJECT_DIR)/build/Debug-iphoneos",
				);
				INFOPLIST_FILE = "WoWs Info/Info.plist";
				IPHONEOS_DEPLOYMENT_TARGET = 9.0;
				LD_RUNPATH_SEARCH_PATHS = "$(inherited) @executable_path/Frameworks";
				PRODUCT_BUNDLE_IDENTIFIER = "com.yihengquan.WoWs-Info";
				PRODUCT_NAME = "$(TARGET_NAME)";
				SWIFT_VERSION = 3.0;
				TARGETED_DEVICE_FAMILY = 1;
			};
			name = Release;
		};
/* End XCBuildConfiguration section */

/* Begin XCConfigurationList section */
		921EA6901E35F2FB0007C7FC /* Build configuration list for PBXProject "WoWs Info" */ = {
			isa = XCConfigurationList;
			buildConfigurations = (
				921EA6A51E35F2FB0007C7FC /* Debug */,
				921EA6A61E35F2FB0007C7FC /* Release */,
			);
			defaultConfigurationIsVisible = 0;
			defaultConfigurationName = Release;
		};
		921EA6A71E35F2FB0007C7FC /* Build configuration list for PBXNativeTarget "WoWs Info" */ = {
			isa = XCConfigurationList;
			buildConfigurations = (
				921EA6A81E35F2FB0007C7FC /* Debug */,
				921EA6A91E35F2FB0007C7FC /* Release */,
			);
			defaultConfigurationIsVisible = 0;
			defaultConfigurationName = Release;
		};
/* End XCConfigurationList section */
	};
	rootObject = 921EA68D1E35F2FB0007C7FC /* Project object */;
}
