PODS:
  - Charts (3.4.0):
    - Charts/Core (= 3.4.0)
  - Charts/Core (3.4.0)
  - Kanna (5.0.0)
  - SDWebImage (5.5.2):
    - SDWebImage/Core (= 5.5.2)
  - SDWebImage/Core (5.5.2)
  - SwiftyJSON (5.0.0)

DEPENDENCIES:
  - Charts
  - Kanna
  - SDWebImage
  - SwiftyJSON

SPEC REPOS:
  trunk:
    - Charts
    - Kanna
    - SDWebImage
    - SwiftyJSON

SPEC CHECKSUMS:
  Charts: 74c9f256eaf0460c0c416522d1cf8c634ea6b286
  Kanna: a32875df62975f8f4b871e933b4ea1a5c3b8be0f
  SDWebImage: 4d5c027c935438f341ed33dbac53ff9f479922ca
  SwiftyJSON: 36413e04c44ee145039d332b4f4e2d3e8d6c4db7

PODFILE CHECKSUM: 0f77038327d53205a68fbbde59c5f7258bfce429

COCOAPODS: 1.8.4
